
Microsoft Visual Studio Solution File, Format Version 12.00
# Visual Studio Version 17
VisualStudioVersion = 17.5.002.0
MinimumVisualStudioVersion = 10.0.40219.1
Project("{9A19103F-16F7-4668-BE54-9A1E7A4F7556}") = "Atividade", "Atividade\Atividade.csproj", "{48CABFAF-339F-48F6-832B-6E08D2DF43E5}"
EndProject
Global
	GlobalSection(SolutionConfigurationPlatforms) = preSolution
		Debug|Any CPU = Debug|Any CPU
		Release|Any CPU = Release|Any CPU
	EndGlobalSection
	GlobalSection(ProjectConfigurationPlatforms) = postSolution
		{48CABFAF-339F-48F6-832B-6E08D2DF43E5}.Debug|Any CPU.ActiveCfg = Debug|Any CPU
		{48CABFAF-339F-48F6-832B-6E08D2DF43E5}.Debug|Any CPU.Build.0 = Debug|Any CPU
		{48CABFAF-339F-48F6-832B-6E08D2DF43E5}.Release|Any CPU.ActiveCfg = Release|Any CPU
		{48CABFAF-339F-48F6-832B-6E08D2DF43E5}.Release|Any CPU.Build.0 = Release|Any CPU
	EndGlobalSection
	GlobalSection(SolutionProperties) = preSolution
		HideSolutionNode = FALSE
	EndGlobalSection
	GlobalSection(ExtensibilityGlobals) = postSolution
		SolutionGuid = {9DB041BC-799F-491C-85C9-2F06BE418D34}
	EndGlobalSection
EndGlobal
